// !$*UTF8*$!
{
	archiveVersion = 1;
	classes = {
	};
	objectVersion = 46;
	objects = {

/* Begin PBXBuildFile section */
		EE84D45D1C39B3C60093F5F4 /* AppDelegate.swift in Sources */ = {isa = PBXBuildFile; fileRef = EE84D45C1C39B3C60093F5F4 /* AppDelegate.swift */; };
		EE84D45F1C39B3C60093F5F4 /* GameScene.sks in Resources */ = {isa = PBXBuildFile; fileRef = EE84D45E1C39B3C60093F5F4 /* GameScene.sks */; };
		EE84D4611C39B3C60093F5F4 /* GameScene.swift in Sources */ = {isa = PBXBuildFile; fileRef = EE84D4601C39B3C60093F5F4 /* GameScene.swift */; };
		EE84D4631C39B3C60093F5F4 /* GameViewController.swift in Sources */ = {isa = PBXBuildFile; fileRef = EE84D4621C39B3C60093F5F4 /* GameViewController.swift */; };
		EE84D4661C39B3C60093F5F4 /* Main.storyboard in Resources */ = {isa = PBXBuildFile; fileRef = EE84D4641C39B3C60093F5F4 /* Main.storyboard */; };
		EE84D4681C39B3C60093F5F4 /* Assets.xcassets in Resources */ = {isa = PBXBuildFile; fileRef = EE84D4671C39B3C60093F5F4 /* Assets.xcassets */; };
		EE84D46B1C39B3C60093F5F4 /* LaunchScreen.storyboard in Resources */ = {isa = PBXBuildFile; fileRef = EE84D4691C39B3C60093F5F4 /* LaunchScreen.storyboard */; };
/* End PBXBuildFile section */

/* Begin PBXFileReference section */
		EE84D4591C39B3C60093F5F4 /* SnakeRun.app */ = {isa = PBXFileReference; explicitFileType = wrapper.application; includeInIndex = 0; path = SnakeRun.app; sourceTree = BUILT_PRODUCTS_DIR; };
		EE84D45C1C39B3C60093F5F4 /* AppDelegate.swift */ = {isa = PBXFileReference; lastKnownFileType = sourcecode.swift; path = AppDelegate.swift; sourceTree = "<group>"; };
		EE84D45E1C39B3C60093F5F4 /* GameScene.sks */ = {isa = PBXFileReference; lastKnownFileType = file.sks; path = GameScene.sks; sourceTree = "<group>"; };
		EE84D4601C39B3C60093F5F4 /* GameScene.swift */ = {isa = PBXFileReference; lastKnownFileType = sourcecode.swift; path = GameScene.swift; sourceTree = "<group>"; };
		EE84D4621C39B3C60093F5F4 /* GameViewController.swift */ = {isa = PBXFileReference; lastKnownFileType = sourcecode.swift; path = GameViewController.swift; sourceTree = "<group>"; };
		EE84D4651C39B3C60093F5F4 /* Base */ = {isa = PBXFileReference; lastKnownFileType = file.storyboard; name = Base; path = Base.lproj/Main.storyboard; sourceTree = "<group>"; };
		EE84D4671C39B3C60093F5F4 /* Assets.xcassets */ = {isa = PBXFileReference; lastKnownFileType = folder.assetcatalog; path = Assets.xcassets; sourceTree = "<group>"; };
		EE84D46A1C39B3C60093F5F4 /* Base */ = {isa = PBXFileReference; lastKnownFileType = file.storyboard; name = Base; path = Base.lproj/LaunchScreen.storyboard; sourceTree = "<group>"; };
		EE84D46C1C39B3C60093F5F4 /* Info.plist */ = {isa = PBXFileReference; lastKnownFileType = text.plist.xml; path = Info.plist; sourceTree = "<group>"; };
/* End PBXFileReference section */

/* Begin PBXFrameworksBuildPhase section */
		EE84D4561C39B3C60093F5F4 /* Frameworks */ = {
			isa = PBXFrameworksBuildPhase;
			buildActionMask = 2147483647;
			files = (
			);
			runOnlyForDeploymentPostprocessing = 0;
		};
/* End PBXFrameworksBuildPhase section */

/* Begin PBXGroup section */
		EE84D4501C39B3C60093F5F4 = {
			isa = PBXGroup;
			children = (
				EE84D45B1C39B3C60093F5F4 /* SnakeRun */,
				EE84D45A1C39B3C60093F5F4 /* Products */,
			);
			sourceTree = "<group>";
		};
		EE84D45A1C39B3C60093F5F4 /* Products */ = {
			isa = PBXGroup;
			children = (
				EE84D4591C39B3C60093F5F4 /* SnakeRun.app */,
			);
			name = Products;
			sourceTree = "<group>";
		};
		EE84D45B1C39B3C60093F5F4 /* SnakeRun */ = {
			isa = PBXGroup;
			children = (
				EE84D45C1C39B3C60093F5F4 /* AppDelegate.swift */,
				EE84D45E1C39B3C60093F5F4 /* GameScene.sks */,
				EE84D4601C39B3C60093F5F4 /* GameScene.swift */,
				EE84D4621C39B3C60093F5F4 /* GameViewController.swift */,
				EE84D4641C39B3C60093F5F4 /* Main.storyboard */,
				EE84D4671C39B3C60093F5F4 /* Assets.xcassets */,
				EE84D4691C39B3C60093F5F4 /* LaunchScreen.storyboard */,
				EE84D46C1C39B3C60093F5F4 /* Info.plist */,
			);
			path = SnakeRun;
			sourceTree = "<group>";
		};
/* End PBXGroup section */

/* Begin PBXNativeTarget section */
		EE84D4581C39B3C60093F5F4 /* SnakeRun */ = {
			isa = PBXNativeTarget;
			buildConfigurationList = EE84D46F1C39B3C60093F5F4 /* Build configuration list for PBXNativeTarget "SnakeRun" */;
			buildPhases = (
				EE84D4551C39B3C60093F5F4 /* Sources */,
				EE84D4561C39B3C60093F5F4 /* Frameworks */,
				EE84D4571C39B3C60093F5F4 /* Resources */,
			);
			buildRules = (
			);
			dependencies = (
			);
			name = SnakeRun;
			productName = SnakeRun;
			productReference = EE84D4591C39B3C60093F5F4 /* SnakeRun.app */;
			productType = "com.apple.product-type.application";
		};
/* End PBXNativeTarget section */

/* Begin PBXProject section */
		EE84D4511C39B3C60093F5F4 /* Project object */ = {
			isa = PBXProject;
			attributes = {
				LastSwiftUpdateCheck = 0720;
				LastUpgradeCheck = 0720;
				ORGANIZATIONNAME = "Dan Goyette";
				TargetAttributes = {
					EE84D4581C39B3C60093F5F4 = {
						CreatedOnToolsVersion = 7.2;
					};
				};
			};
			buildConfigurationList = EE84D4541C39B3C60093F5F4 /* Build configuration list for PBXProject "SnakeRun" */;
			compatibilityVersion = "Xcode 3.2";
			developmentRegion = English;
			hasScannedForEncodings = 0;
			knownRegions = (
				en,
				Base,
			);
			mainGroup = EE84D4501C39B3C60093F5F4;
			productRefGroup = EE84D45A1C39B3C60093F5F4 /* Products */;
			projectDirPath = "";
			projectRoot = "";
			targets = (
				EE84D4581C39B3C60093F5F4 /* SnakeRun */,
			);
		};
/* End PBXProject section */

/* Begin PBXResourcesBuildPhase section */
		EE84D4571C39B3C60093F5F4 /* Resources */ = {
			isa = PBXResourcesBuildPhase;
			buildActionMask = 2147483647;
			files = (
				EE84D45F1C39B3C60093F5F4 /* GameScene.sks in Resources */,
				EE84D46B1C39B3C60093F5F4 /* LaunchScreen.storyboard in Resources */,
				EE84D4681C39B3C60093F5F4 /* Assets.xcassets in Resources */,
				EE84D4661C39B3C60093F5F4 /* Main.storyboard in Resources */,
			);
			runOnlyForDeploymentPostprocessing = 0;
		};
/* End PBXResourcesBuildPhase section */

/* Begin PBXSourcesBuildPhase section */
		EE84D4551C39B3C60093F5F4 /* Sources */ = {
			isa = PBXSourcesBuildPhase;
			buildActionMask = 2147483647;
			files = (
				EE84D4611C39B3C60093F5F4 /* GameScene.swift in Sources */,
				EE84D4631C39B3C60093F5F4 /* GameViewController.swift in Sources */,
				EE84D45D1C39B3C60093F5F4 /* AppDelegate.swift in Sources */,
			);
			runOnlyForDeploymentPostprocessing = 0;
		};
/* End PBXSourcesBuildPhase section */

/* Begin PBXVariantGroup section */
		EE84D4641C39B3C60093F5F4 /* Main.storyboard */ = {
			isa = PBXVariantGroup;
			children = (
				EE84D4651C39B3C60093F5F4 /* Base */,
			);
			name = Main.storyboard;
			sourceTree = "<group>";
		};
		EE84D4691C39B3C60093F5F4 /* LaunchScreen.storyboard */ = {
			isa = PBXVariantGroup;
			children = (
				EE84D46A1C39B3C60093F5F4 /* Base */,
			);
			name = LaunchScreen.storyboard;
			sourceTree = "<group>";
		};
/* End PBXVariantGroup section */

/* Begin XCBuildConfiguration section */
		EE84D46D1C39B3C60093F5F4 /* Debug */ = {
			isa = XCBuildConfiguration;
			buildSettings = {
				ALWAYS_SEARCH_USER_PATHS = NO;
				CLANG_CXX_LANGUAGE_STANDARD = "gnu++0x";
				CLANG_CXX_LIBRARY = "libc++";
				CLANG_ENABLE_MODULES = YES;
				CLANG_ENABLE_OBJC_ARC = YES;
				CLANG_WARN_BOOL_CONVERSION = YES;
				CLANG_WARN_CONSTANT_CONVERSION = YES;
				CLANG_WARN_DIRECT_OBJC_ISA_USAGE = YES_ERROR;
				CLANG_WARN_EMPTY_BODY = YES;
				CLANG_WARN_ENUM_CONVERSION = YES;
				CLANG_WARN_INT_CONVERSION = YES;
				CLANG_WARN_OBJC_ROOT_CLASS = YES_ERROR;
				CLANG_WARN_UNREACHABLE_CODE = YES;
				CLANG_WARN__DUPLICATE_METHOD_MATCH = YES;
				"CODE_SIGN_IDENTITY[sdk=iphoneos*]" = "iPhone Developer";
				COPY_PHASE_STRIP = NO;
				DEBUG_INFORMATION_FORMAT = "dwarf-with-dsym";
				ENABLE_STRICT_OBJC_MSGSEND = YES;
				ENABLE_TESTABILITY = YES;
				GCC_C_LANGUAGE_STANDARD = gnu99;
				GCC_DYNAMIC_NO_PIC = NO;
				GCC_NO_COMMON_BLOCKS = YES;
				GCC_OPTIMIZATION_LEVEL = 0;
				GCC_PREPROCESSOR_DEFINITIONS = (
					"DEBUG=1",
					"$(inherited)",
				);
				GCC_WARN_64_TO_32_BIT_CONVERSION = YES;
				GCC_WARN_ABOUT_RETURN_TYPE = YES_ERROR;
				GCC_WARN_UNDECLARED_SELECTOR = YES;
				GCC_WARN_UNINITIALIZED_AUTOS = YES_AGGRESSIVE;
				GCC_WARN_UNUSED_FUNCTION = YES;
				GCC_WARN_UNUSED_VARIABLE = YES;
				IPHONEOS_DEPLOYMENT_TARGET = 9.2;
				MTL_ENABLE_DEBUG_INFO = YES;
				ONLY_ACTIVE_ARCH = YES;
				SDKROOT = iphoneos;
				SWIFT_OPTIMIZATION_LEVEL = "-Onone";
				TARGETED_DEVICE_FAMILY = "1,2";
			};
			name = Debug;
		};
		EE84D46E1C39B3C60093F5F4 /* Release */ = {
			isa = XCBuildConfiguration;
			buildSettings = {
				ALWAYS_SEARCH_USER_PATHS = NO;
				CLANG_CXX_LANGUAGE_STANDARD = "gnu++0x";
				CLANG_CXX_LIBRARY = "libc++";
				CLANG_ENABLE_MODULES = YES;
				CLANG_ENABLE_OBJC_ARC = YES;
				CLANG_WARN_BOOL_CONVERSION = YES;
				CLANG_WARN_CONSTANT_CONVERSION = YES;
				CLANG_WARN_DIRECT_OBJC_ISA_USAGE = YES_ERROR;
				CLANG_WARN_EMPTY_BODY = YES;
				CLANG_WARN_ENUM_CONVERSION = YES;
				CLANG_WARN_INT_CONVERSION = YES;
				CLANG_WARN_OBJC_ROOT_CLASS = YES_ERROR;
				CLANG_WARN_UNREACHABLE_CODE = YES;
				CLANG_WARN__DUPLICATE_METHOD_MATCH = YES;
				"CODE_SIGN_IDENTITY[sdk=iphoneos*]" = "iPhone Developer";
				COPY_PHASE_STRIP = NO;
				DEBUG_INFORMATION_FORMAT = "dwarf-with-dsym";
				ENABLE_NS_ASSERTIONS = NO;
				ENABLE_STRICT_OBJC_MSGSEND = YES;
				GCC_C_LANGUAGE_STANDARD = gnu99;
				GCC_NO_COMMON_BLOCKS = YES;
				GCC_WARN_64_TO_32_BIT_CONVERSION = YES;
				GCC_WARN_ABOUT_RETURN_TYPE = YES_ERROR;
				GCC_WARN_UNDECLARED_SELECTOR = YES;
				GCC_WARN_UNINITIALIZED_AUTOS = YES_AGGRESSIVE;
				GCC_WARN_UNUSED_FUNCTION = YES;
				GCC_WARN_UNUSED_VARIABLE = YES;
				IPHONEOS_DEPLOYMENT_TARGET = 9.2;
				MTL_ENABLE_DEBUG_INFO = NO;
				SDKROOT = iphoneos;
				TARGETED_DEVICE_FAMILY = "1,2";
				VALIDATE_PRODUCT = YES;
			};
			name = Release;
		};
		EE84D4701C39B3C60093F5F4 /* Debug */ = {
			isa = XCBuildConfiguration;
			buildSettings = {
				ASSETCATALOG_COMPILER_APPICON_NAME = AppIcon;
				INFOPLIST_FILE = SnakeRun/Info.plist;
				LD_RUNPATH_SEARCH_PATHS = "$(inherited) @executable_path/Frameworks";
				PRODUCT_BUNDLE_IDENTIFIER = G.SnakeRun;
				PRODUCT_NAME = "$(TARGET_NAME)";
			};
			name = Debug;
		};
		EE84D4711C39B3C60093F5F4 /* Release */ = {
			isa = XCBuildConfiguration;
			buildSettings = {
				ASSETCATALOG_COMPILER_APPICON_NAME = AppIcon;
				INFOPLIST_FILE = SnakeRun/Info.plist;
				LD_RUNPATH_SEARCH_PATHS = "$(inherited) @executable_path/Frameworks";
				PRODUCT_BUNDLE_IDENTIFIER = G.SnakeRun;
				PRODUCT_NAME = "$(TARGET_NAME)";
			};
			name = Release;
		};
/* End XCBuildConfiguration section */

/* Begin XCConfigurationList section */
		EE84D4541C39B3C60093F5F4 /* Build configuration list for PBXProject "SnakeRun" */ = {
			isa = XCConfigurationList;
			buildConfigurations = (
				EE84D46D1C39B3C60093F5F4 /* Debug */,
				EE84D46E1C39B3C60093F5F4 /* Release */,
			);
			defaultConfigurationIsVisible = 0;
			defaultConfigurationName = Release;
		};
		EE84D46F1C39B3C60093F5F4 /* Build configuration list for PBXNativeTarget "SnakeRun" */ = {
			isa = XCConfigurationList;
			buildConfigurations = (
				EE84D4701C39B3C60093F5F4 /* Debug */,
				EE84D4711C39B3C60093F5F4 /* Release */,
			);
			defaultConfigurationIsVisible = 0;
			defaultConfigurationName = Release;
		};
/* End XCConfigurationList section */
	};
	rootObject = EE84D4511C39B3C60093F5F4 /* Project object */;
}
